{
    "requires": true,
    "lockfileVersion": 1,
    "dependencies": {
        "vue-upload-component": {
            "version": "2.8.13",
            "resolved": "https://registry.npmjs.org/vue-upload-component/-/vue-upload-component-2.8.13.tgz",
            "integrity": "sha512-baqqpzUAf3OVRwKzOLJURnEkDb4Ch/47qgF7Kc6GpmlkQLXegwW1YxvN6Uidinhz2QDg51UHPSeWSkrIh4023A=="
        }
    }
}
